
Microsoft Visual Studio Solution File, Format Version 12.00
# Visual Studio Version 17
VisualStudioVersion = 17.13.35617.110 d17.13
MinimumVisualStudioVersion = 10.0.40219.1
Project("{FAE04EC0-301F-11D3-BF4B-00C04F79EFBC}") = "StopWatchApp", "WinFormsApp1\StopWatchApp.csproj", "{5E5D86E4-AFEF-428D-BE62-42DA1E04EBFD}"
EndProject
Global
	GlobalSection(SolutionConfigurationPlatforms) = preSolution
		Debug|Any CPU = Debug|Any CPU
		Release|Any CPU = Release|Any CPU
	EndGlobalSection
	GlobalSection(ProjectConfigurationPlatforms) = postSolution
		{5E5D86E4-AFEF-428D-BE62-42DA1E04EBFD}.Debug|Any CPU.ActiveCfg = Debug|Any CPU
		{5E5D86E4-AFEF-428D-BE62-42DA1E04EBFD}.Debug|Any CPU.Build.0 = Debug|Any CPU
		{5E5D86E4-AFEF-428D-BE62-42DA1E04EBFD}.Release|Any CPU.ActiveCfg = Release|Any CPU
		{5E5D86E4-AFEF-428D-BE62-42DA1E04EBFD}.Release|Any CPU.Build.0 = Release|Any CPU
	EndGlobalSection
	GlobalSection(SolutionProperties) = preSolution
		HideSolutionNode = FALSE
	EndGlobalSection
	GlobalSection(ExtensibilityGlobals) = postSolution
		SolutionGuid = {56D1C1D6-D913-4EC8-B181-849712ED611A}
	EndGlobalSection
EndGlobal
